
Microsoft Visual Studio Solution File, Format Version 12.00
# Visual Studio 15
VisualStudioVersion = 15.0.27428.2005
MinimumVisualStudioVersion = 10.0.40219.1
Project("{FAE04EC0-301F-11D3-BF4B-00C04F79EFBC}") = "Practical task 1.2", "Practical task 1.2\Practical task 1.2.csproj", "{4F58C3CA-3727-495F-8328-E648E3515BC5}"
EndProject
Global
	GlobalSection(SolutionConfigurationPlatforms) = preSolution
		Debug|Any CPU = Debug|Any CPU
		Release|Any CPU = Release|Any CPU
	EndGlobalSection
	GlobalSection(ProjectConfigurationPlatforms) = postSolution
		{4F58C3CA-3727-495F-8328-E648E3515BC5}.Debug|Any CPU.ActiveCfg = Debug|Any CPU
		{4F58C3CA-3727-495F-8328-E648E3515BC5}.Debug|Any CPU.Build.0 = Debug|Any CPU
		{4F58C3CA-3727-495F-8328-E648E3515BC5}.Release|Any CPU.ActiveCfg = Release|Any CPU
		{4F58C3CA-3727-495F-8328-E648E3515BC5}.Release|Any CPU.Build.0 = Release|Any CPU
	EndGlobalSection
	GlobalSection(SolutionProperties) = preSolution
		HideSolutionNode = FALSE
	EndGlobalSection
	GlobalSection(ExtensibilityGlobals) = postSolution
		SolutionGuid = {46FF35A8-3C2B-4059-A2A1-792AA2EEEC34}
	EndGlobalSection
EndGlobal
